
Microsoft Visual Studio Solution File, Format Version 12.00
# Visual Studio Version 17
VisualStudioVersion = 17.5.33516.290
MinimumVisualStudioVersion = 10.0.40219.1
Project("{8BC9CEB8-8B4A-11D0-8D11-00A0C91BC942}") = "Hell C++ Hook Library", "Hell C++ Hook Library\Hell C++ Hook Library.vcxproj", "{C8A9826A-56B0-48DF-9855-2F3A10E2DB0E}"
EndProject
Global
	GlobalSection(SolutionConfigurationPlatforms) = preSolution
		Debug|x64 = Debug|x64
		Debug|x86 = Debug|x86
		Release|x64 = Release|x64
		Release|x86 = Release|x86
	EndGlobalSection
	GlobalSection(ProjectConfigurationPlatforms) = postSolution
		{C8A9826A-56B0-48DF-9855-2F3A10E2DB0E}.Debug|x64.ActiveCfg = Debug|x64
		{C8A9826A-56B0-48DF-9855-2F3A10E2DB0E}.Debug|x64.Build.0 = Debug|x64
		{C8A9826A-56B0-48DF-9855-2F3A10E2DB0E}.Debug|x86.ActiveCfg = Debug|Win32
		{C8A9826A-56B0-48DF-9855-2F3A10E2DB0E}.Debug|x86.Build.0 = Debug|Win32
		{C8A9826A-56B0-48DF-9855-2F3A10E2DB0E}.Release|x64.ActiveCfg = Release|x64
		{C8A9826A-56B0-48DF-9855-2F3A10E2DB0E}.Release|x64.Build.0 = Release|x64
		{C8A9826A-56B0-48DF-9855-2F3A10E2DB0E}.Release|x86.ActiveCfg = Release|Win32
		{C8A9826A-56B0-48DF-9855-2F3A10E2DB0E}.Release|x86.Build.0 = Release|Win32
	EndGlobalSection
	GlobalSection(SolutionProperties) = preSolution
		HideSolutionNode = FALSE
	EndGlobalSection
	GlobalSection(ExtensibilityGlobals) = postSolution
		SolutionGuid = {446E4C24-F68C-4A42-8991-5DACC86D9FFA}
	EndGlobalSection
EndGlobal
